
Microsoft Visual Studio Solution File, Format Version 12.00
# Visual Studio Version 16
VisualStudioVersion = 16.0.34601.136
MinimumVisualStudioVersion = 10.0.40219.1
Project("{FAE04EC0-301F-11D3-BF4B-00C04F79EFBC}") = "Lab01_EFCore", "Lab01_EFCore\Lab01_EFCore.csproj", "{F3E36BE4-FA6D-4FB9-B80F-A29D9C8872DB}"
EndProject
Global
	GlobalSection(SolutionConfigurationPlatforms) = preSolution
		Debug|Any CPU = Debug|Any CPU
		Release|Any CPU = Release|Any CPU
	EndGlobalSection
	GlobalSection(ProjectConfigurationPlatforms) = postSolution
		{F3E36BE4-FA6D-4FB9-B80F-A29D9C8872DB}.Debug|Any CPU.ActiveCfg = Debug|Any CPU
		{F3E36BE4-FA6D-4FB9-B80F-A29D9C8872DB}.Debug|Any CPU.Build.0 = Debug|Any CPU
		{F3E36BE4-FA6D-4FB9-B80F-A29D9C8872DB}.Release|Any CPU.ActiveCfg = Release|Any CPU
		{F3E36BE4-FA6D-4FB9-B80F-A29D9C8872DB}.Release|Any CPU.Build.0 = Release|Any CPU
	EndGlobalSection
	GlobalSection(SolutionProperties) = preSolution
		HideSolutionNode = FALSE
	EndGlobalSection
	GlobalSection(ExtensibilityGlobals) = postSolution
		SolutionGuid = {F8D1DDB8-2329-4212-A25E-233EA24EEAE4}
	EndGlobalSection
EndGlobal
